{
  "nodes": {
    "nixpkgs": {
      "locked": {
        "lastModified": 1760038930,
        "narHash": "sha256-Oncbh0UmHjSlxO7ErQDM3KM0A5/Znfofj2BSzlHLeVw=",
        "owner": "NixOS",
        "repo": "nixpkgs",
        "rev": "0b4defa2584313f3b781240b29d61f6f9f7e0df3",
        "type": "github"
      },
      "original": {
        "owner": "NixOS",
        "ref": "refs/heads/nixos-unstable",
        "repo": "nixpkgs",
        "type": "github"
      }
    },
    "nixpkgs-python39": {
      "locked": {
        "lastModified": 1744500401,
        "narHash": "sha256-hUbxeaKKHRfagNwtIfBI4XjqQPM497fJp2p2+UfNuVU=",
        "owner": "NixOS",
        "repo": "nixpkgs",
        "rev": "1076d576f5e8916f240d094a3c381d3e121800ba",
        "type": "github"
      },
      "original": {
        "owner": "NixOS",
        "repo": "nixpkgs",
        "rev": "1076d576f5e8916f240d094a3c381d3e121800ba",
        "type": "github"
      }
    },
    "root": {
      "inputs": {
        "nixpkgs": "nixpkgs",
        "nixpkgs-python39": "nixpkgs-python39"
      }
    }
  },
  "root": "root",
  "version": 7
}
