{
  "nodes": {
    "nixpkgs": {
      "locked": {
        "lastModified": 1791260994,
        "narHash": "sha256-Miqqk/ammqnTUxaoCyvtwoPeLbI1ksFyLxi/CazZpWY=",
        "owner": "NixOS",
        "repo": "nixpkgs",
        "rev": "151fa4e8ddfdd8dd25d945ad94ed54a13de9f6e4",
        "type": "github"
      },
      "original": {
        "owner": "NixOS",
        "ref": "refs/heads/nixos-unstable",
        "repo": "nixpkgs",
        "type": "github"
      }
    },
    "nixpkgs-python310": {
      "locked": {
        "lastModified": 1771166747,
        "narHash": "sha256-wJWk1X3y23OKQfkrhlcPT7+8jlxpZRy2gs6vzfeHsqA=",
        "owner": "NixOS",
        "repo": "nixpkgs",
        "rev": "91e18d3c384a4c5998e720324425b88f53bbe6e4",
        "type": "github"
      },
      "original": {
        "owner": "NixOS",
        "repo": "nixpkgs",
        "rev": "91e18d3c384a4c5998e720324425b88f53bbe6e4",
        "type": "github"
      }
    },
    "root": {
      "inputs": {
        "nixpkgs": "nixpkgs",
        "nixpkgs-python310": "nixpkgs-python310"
      }
    }
  },
  "root": "root",
  "version": 7
}
