cel.dev/expr v0.25.2 h1:K6j46C81hXtZQfuX60cVWQFBJahKSE2gfRbNuvr5bFs=
cel.dev/expr v0.25.2/go.mod h1:hrXvqGP6G6gyx8UAHSHJ5RGk//1Oj5nXQ2NI02Nrsg4=
cloud.google.com/go v0.123.0 h1:2NAUJwPR47q+E35uaJeYoNhuNEM9kM8SjgRgdeOJUSE=
cloud.google.com/go v0.123.0/go.mod h1:xBoMV08QcqUGuPW65Qfm1o9Y4zKZBpGS+7bImXLTAZU=
cloud.google.com/go/auth v0.20.0 h1:kXTssoVb4azsVDoUiF8KvxAqrsQcQtB53DcSgta74CA=
cloud.google.com/go/auth v0.20.0/go.mod h1:942/yi/itH1SsmpyrbnTMDgGfdy2BUqIKyd0cyYLc5Q=
cloud.google.com/go/auth/oauth2adapt v0.2.8 h1:keo8NaayQZ6wimpNSmW5OPc283g65QNIiLpZnkHRbnc=
cloud.google.com/go/auth/oauth2adapt v0.2.8/go.mod h1:XQ9y31RkqZCcwJWNSx2Xvric3RrU88hAYYbjDWYDL+c=
cloud.google.com/go/compute/metadata v0.9.0 h1:pDUj4QMoPejqq20dK0Pg2N4yG9zIkYGdBtwLoEkH9Zs=
cloud.google.com/go/compute/metadata v0.9.0/go.mod h1:E0bWwX5wTnLPedCKqk3pJmVgCBSM6qQI1yTBdEb3C10=
cloud.google.com/go/iam v1.11.0 h1:KieQ9Pb+LLPak1O3Rv3GgCxhnmkYf7Xyh0P5HfF1jFM=
cloud.google.com/go/iam v1.11.0/go.mod h1:KP+nKGugNJW4LcLx1uEZcq1ok5sQHFaQehQNl4QDgV4=
cloud.google.com/go/logging v1.18.0 h1:KhzZq+1cSkPH9YUaKLLhLtQxIHitVayBmk0sGfoM9+k=
cloud.google.com/go/logging v1.18.0/go.mod h1:ZGKnpBaURITh+g/uom2VhbiFoFWvejcrHPDhxFtU/gI=
cloud.google.com/go/longrunning v1.0.0 h1:lwzWEYD8+NkYV7dhexOz6kmlvajZA70+bW/xMhRVVdY=
cloud.google.com/go/longrunning v1.0.0/go.mod h1:8nqFBPOO1U/XkhWl0I19AMZEphrHi73VNABIpKYaTwM=
cloud.google.com/go/monitoring v1.29.0 h1:AHhDsFaSax1/4k+qlIDX/SDGe6hggnfXJ9dkgD9qBPY=
cloud.google.com/go/monitoring v1.29.0/go.mod h1:72NOVjJXHY/HBfoLT0+qlCZBT059+9VXLeAnL2PeeVM=
cloud.google.com/go/storage v1.62.3 h1:SZq1t23NCI+e96dH77Dg3PEfsNNEjqO8zE5AnD8gVD0=
cloud.google.com/go/storage v1.62.3/go.mod h1:cpYz/kRVZ+UQAF1uHeea10/9ewcRbxGoGNKsS9daSXA=
cloud.google.com/go/trace v1.16.0 h1:GmQovzFc5F0CNfl0VLgL64aoTtu7xsM0YajW2GlG9+E=
cloud.google.com/go/trace v1.16.0/go.mod h1:r+bdAn16dKLSV1G2D5v3e58IlQlizfxWrUfjx7kM7X0=
github.com/AzureAD/microsoft-authentication-library-for-go v1.7.2 h1:RHK7bS+HQMslb1sZpAokUt+zTVmue0hKSs2C791hhzU=
github.com/AzureAD/microsoft-authentication-library-for-go v1.7.2/go.mod h1:HKpQxkWaGLJ+D/5H8QRpyQXA1eKjxkFlOMwck5+33Jk=
github.com/DataDog/zstd v1.5.7 h1:ybO8RBeh29qrxIhCA9E8gKY6xfONU9T6G6aP9DTKfLE=
github.com/DataDog/zstd v1.5.7/go.mod h1:g4AWEaM3yOg3HYfnJ3YIawPnVdXJh9QME85blwSAmyw=
github.com/GoogleCloudPlatform/opentelemetry-operations-go/detectors/gcp v1.33.0 h1:l7+6kwRMJNwdCvYdDl7Eax+wzEYHSnNY7zrrfbhDdTA=
github.com/GoogleCloudPlatform/opentelemetry-operations-go/detectors/gcp v1.33.0/go.mod h1:pJTkW8hEUIIi3Pf65lPZOnn4Y81yCllX6IWk2jNXdkM=
github.com/GoogleCloudPlatform/opentelemetry-operations-go/exporter/metric v0.57.0 h1:jLdiS1vO+XJFyDSWRHBx56r4s/NNtcl5J6KyCcWUX/w=
github.com/GoogleCloudPlatform/opentelemetry-operations-go/exporter/metric v0.57.0/go.mod h1:8lmpHY+1VRoteiOwyrQMDt1YGXOrFKCz+1wJW7n3ODY=
github.com/GoogleCloudPlatform/opentelemetry-operations-go/internal/cloudmock v0.57.0 h1:cSjUzZ7KU8hicTgzaSv9NmSyM9fTVK3y5lsBUl3wOis=
github.com/GoogleCloudPlatform/opentelemetry-operations-go/internal/cloudmock v0.57.0/go.mod h1:dzcEjy1WJ0Q4u9twNR3LcLhNoYMRCrMCMafpxa0TjPQ=
github.com/GoogleCloudPlatform/opentelemetry-operations-go/internal/resourcemapping v0.57.0 h1:RoO5+d7uCmDqovLrHCr2/BuViUXvdcrNxyNM1pN9dDQ=
github.com/GoogleCloudPlatform/opentelemetry-operations-go/internal/resourcemapping v0.57.0/go.mod h1:YqwkQPrWSC7+byyc1VlKbWLBF5JsW5IoL6xUkemYSXk=
github.com/Masterminds/semver/v3 v3.4.0 h1:Zog+i5UMtVoCU8oKka5P7i9q9HgrJeGzI9SA1Xbatp0=
github.com/Masterminds/semver/v3 v3.4.0/go.mod h1:4V+yj/TJE1HU9XfppCwVMZq3I84lprf4nC11bSS5beM=
github.com/NVIDIA/aistore v1.4.7 h1:x1UnenSe7E6tZg3WyoGFU79xLvtHCJ76qoygU4O7YG0=
github.com/NVIDIA/aistore v1.4.7/go.mod h1:gQVg+bfLzebJFLhHTQ3cqyLI1EdVm32LzF1f1ETDYgc=
github.com/NVIDIA/cstruct v1.30.0 h1:IsIj9R6XQIiF9949CodrJQ5LRl8PYbO35xqw21vpYxw=
github.com/NVIDIA/cstruct v1.30.0/go.mod h1:Vjlom704MubZmUijKBqJt0yONPC4355FTjPS72GYCio=
github.com/NVIDIA/fission/v4 v4.0.4 h1:n7fB14IgafWT3H4r0gwsQvEAd/jopOmIyJClLpij1uI=
github.com/NVIDIA/fission/v4 v4.0.4/go.mod h1:P8ovK5OwNggtU7MEhiXXdPDLDnvQHH2G4mQmKOWlbBI=
github.com/NVIDIA/sortedmap v1.30.0 h1:cba/v/0Tj28jLw0fbQdKI7MULkMCdNwPJpiXNrsPF6w=
github.com/NVIDIA/sortedmap v1.30.0/go.mod h1:ZEHi/G6D8lDXeGITn8gLVwfrxKwash85B6d6ZWVlGao=
github.com/OneOfOne/xxhash v1.2.8 h1:31czK/TI9sNkxIKfaUfGlU47BAxQ0ztGgd9vPyqimf8=
github.com/OneOfOne/xxhash v1.2.8/go.mod h1:eZbhyaAYD41SGSSsnmcpxVoRiQ/MPUTjUdIIOT9Um7Q=
github.com/RaduBerinde/axisds v0.1.0 h1:YItk/RmU5nvlsv/awo2Fjx97Mfpt4JfgtEVAGPrLdz8=
github.com/RaduBerinde/axisds v0.1.0/go.mod h1:UHGJonU9z4YYGKJxSaC6/TNcLOBptpmM5m2Cksbnw0Y=
github.com/RaduBerinde/btreemap v0.0.0-20260105202824-d3184786f603 h1:fSdiBlO4Bad28mJOPlAynvfgdDC9v+yRlzSFHvvjKYI=
github.com/RaduBerinde/btreemap v0.0.0-20260105202824-d3184786f603/go.mod h1:0tr7FllbE9gJkHq7CVeeDDFAFKQVy5RnCSSNBOvdqbc=
github.com/aclements/go-perfevent v0.0.0-20240301234650-f7843625020f h1:JjxwchlOepwsUWcQwD2mLUAGE9aCp0/ehy6yCHFBOvo=
github.com/aclements/go-perfevent v0.0.0-20240301234650-f7843625020f/go.mod h1:tMDTce/yLLN/SK8gMOxQfnyeMeCg8KGzp0D1cbECEeo=
github.com/andybalholm/brotli v1.2.1 h1:R+f5xP285VArJDRgowrfb9DqL18yVK0gKAW/F+eTWro=
github.com/andybalholm/brotli v1.2.1/go.mod h1:rzTDkvFWvIrjDXZHkuS16NPggd91W3kUSvPlQ1pLaKY=
github.com/aws/aws-sdk-go-v2 v1.42.0 h1:XvXMJTkFQtpBKIWZnmr9ZEOc2InWM2yldjXEJ/bymhA=
github.com/aws/aws-sdk-go-v2 v1.42.0/go.mod h1:27+ACypSLljLAEKsCYOmrjKh83vuTRkuAe9Uv/3A4bg=
github.com/aws/aws-sdk-go-v2/aws/protocol/eventstream v1.7.13 h1:p1BBrg/Hhp6uK7zpejeI8QFXHJeC/mynzi04Sl03k9g=
github.com/aws/aws-sdk-go-v2/aws/protocol/eventstream v1.7.13/go.mod h1:8cIfkE9MDhkRZGpQ22aV6/lkYeYSozpz16Smrs5x4Ls=
github.com/aws/aws-sdk-go-v2/config v1.32.25 h1:ACCejvStYoilgwrfegSt5ZntCbPrk52qfwyNcnl3omM=
github.com/aws/aws-sdk-go-v2/config v1.32.25/go.mod h1:LJyU8sDRbXUxFn8xMJIGP+v9QYYwveNLI8a/giAOiAs=
github.com/aws/aws-sdk-go-v2/credentials v1.19.24 h1:2hQqYCV9yqyePQ9o6dCrZc/zO8U3TwPr9mIKlZnPu/I=
github.com/aws/aws-sdk-go-v2/credentials v1.19.24/go.mod h1:IDwpACtwqHLISdzfwUUNq4P9DsB/h5BLg4FwJPNfqFY=
github.com/aws/aws-sdk-go-v2/feature/ec2/imds v1.18.29 h1:r6qZHbT+wxgWO/e9vYNUEtg7lv5+UN3pRqKhLXvnArg=
github.com/aws/aws-sdk-go-v2/feature/ec2/imds v1.18.29/go.mod h1:QRnaRcTVGKPGRy8w78HMQtKUGRYcnMZAANATkeVA6Mo=
github.com/aws/aws-sdk-go-v2/internal/configsources v1.4.29 h1:f3vKqSo13fhTYb+JEcXwXefZQE26I1FB5eTSniU67ko=
github.com/aws/aws-sdk-go-v2/internal/configsources v1.4.29/go.mod h1:MzoLFUArKGpGD+ukmPiTPG1X5x4o6M2kq4v2dr1FiEc=
github.com/aws/aws-sdk-go-v2/internal/endpoints/v2 v2.7.29 h1:RdwIf/CuUsvJX3RgJagbOyotl/cxoLY4xviKuE7p2GY=
github.com/aws/aws-sdk-go-v2/internal/endpoints/v2 v2.7.29/go.mod h1:71wt8W2EgswdZy9Mf9KNnzxZ3TiZlv4caKghPktDOkA=
github.com/aws/aws-sdk-go-v2/internal/v4a v1.4.30 h1:VTGy885W5DKBxWRUJbym9hytNaYzsyaPkCHGRRMAOhU=
github.com/aws/aws-sdk-go-v2/internal/v4a v1.4.30/go.mod h1:AS0HycUvJRFvTt613AYDOgO2jzw+00cVSMny8XB3yMY=
github.com/aws/aws-sdk-go-v2/service/internal/accept-encoding v1.13.12 h1:ZD2+BSw9vFsNlKYIasSNt3uDbjqqXIBcM13UJv/Lx2k=
github.com/aws/aws-sdk-go-v2/service/internal/accept-encoding v1.13.12/go.mod h1:Ms4zlcVBbXbiP7EVLhl+lgjvA/a7YphqQ3Ih3174EmI=
github.com/aws/aws-sdk-go-v2/service/internal/checksum v1.9.22 h1:V51LGlOq/1VsDsHUdoklAQi7rMmx4qQubvFYAlP2254=
github.com/aws/aws-sdk-go-v2/service/internal/checksum v1.9.22/go.mod h1:4Pzhyz8hJOm2bepgl+NjvRx8vlUFAIIvJnZ/MkcNPpU=
github.com/aws/aws-sdk-go-v2/service/internal/presigned-url v1.13.29 h1:DRebniUGZ2MqiiIVmQJ04vIXr918hubdHMnarSLEWyU=
github.com/aws/aws-sdk-go-v2/service/internal/presigned-url v1.13.29/go.mod h1:LfRkPCD8YHDM2E5eTkos2UpwYeZnBcVarTa8L59bJHA=
github.com/aws/aws-sdk-go-v2/service/internal/s3shared v1.19.29 h1:hiME6pBzC7OTl9LMtlyTWBuEl1f4QBcUmFDKC7MLXtc=
github.com/aws/aws-sdk-go-v2/service/internal/s3shared v1.19.29/go.mod h1:G7RP+uhagpKtKhd1BM9N6JQqjCcGEU47K5lBVZQyRQw=
github.com/aws/aws-sdk-go-v2/service/s3 v1.104.0 h1:ta8csKy5vN91F3i5gGR85lFV0srBqySEji7Jroes6rE=
github.com/aws/aws-sdk-go-v2/service/s3 v1.104.0/go.mod h1:77ZAgynvx1txMvDG8gGWoWkO1augYDxkp9JElWFgjQU=
github.com/aws/aws-sdk-go-v2/service/signin v1.2.0 h1:3nXpRcFwRCW8n7HgO2QGy0Dc20eQNfBuUemGQhpF8m8=
github.com/aws/aws-sdk-go-v2/service/signin v1.2.0/go.mod h1:LxYujSTLPRlp2vTtcUO/+1ilrew8ytt6SvQyOgejzFQ=
github.com/aws/aws-sdk-go-v2/service/sso v1.31.3 h1:ey1XLTYXb9PcLt4535632o5kCGXNXEhNb620Dqwuylo=
github.com/aws/aws-sdk-go-v2/service/sso v1.31.3/go.mod h1:Lk7PlmoTYryQmyBG0EXqj5BcUbj3whXdU2s3yGI3EAc=
github.com/aws/aws-sdk-go-v2/service/ssooidc v1.36.6 h1:yLr03zQE/5Eu5l3QU0Si+xMbLMbSDF2YXsigqXngs6g=
github.com/aws/aws-sdk-go-v2/service/ssooidc v1.36.6/go.mod h1:Q5N6icH+KJZDLh+ESNwzdv6cZ6vLFF/egy3IOxWhmz4=
github.com/aws/aws-sdk-go-v2/service/sts v1.43.3 h1:VrIhKRCSK1umelSgB9RghvA9RTUYeQffyAS5ApXehNI=
github.com/aws/aws-sdk-go-v2/service/sts v1.43.3/go.mod h1:r8wkDOuLaaMFqFiYAb8dGY2A3gJCOujMc6CFOVC4Zhc=
github.com/aws/smithy-go v1.27.2 h1:y9NPmSE6am6LjEFPfqHqG/jJk7AauQvhCJONKh7kpzk=
github.com/aws/smithy-go v1.27.2/go.mod h1:YE2RhdIuDbA5E5bTdciG9KrW3+TiEONeUWCqxX9i1Fc=
github.com/beorn7/perks v1.0.1 h1:VlbKKnNfV8bJzeqoa4cOKqO6bYr3WgKZxO8Z16+hsOM=
github.com/beorn7/perks v1.0.1/go.mod h1:G2ZrVWU2WbWT9wwq4/hrbKbnv/1ERSJQ0ibhJ6rlkpw=
github.com/cenkalti/backoff/v5 v5.0.3 h1:ZN+IMa753KfX5hd8vVaMixjnqRZ3y8CuJKRKj1xcsSM=
github.com/cenkalti/backoff/v5 v5.0.3/go.mod h1:rkhZdG3JZukswDf7f0cwqPNk4K0sa+F97BxZthm/crw=
github.com/cespare/xxhash/v2 v2.3.0 h1:UL815xU9SqsFlibzuggzjXhog7bL6oX9BbNZnL2UFvs=
github.com/cespare/xxhash/v2 v2.3.0/go.mod h1:VGX0DQ3Q6kWi7AoAeZDth3/j3BFtOZR5XLFGgcrjCOs=
github.com/cncf/xds/go v0.0.0-20260202195803-dba9d589def2 h1:aBangftG7EVZoUb69Os8IaYg++6uMOdKK83QtkkvJik=
github.com/cncf/xds/go v0.0.0-20260202195803-dba9d589def2/go.mod h1:qwXFYgsP6T7XnJtbKlf1HP8AjxZZyzxMmc+Lq5GjlU4=
github.com/cockroachdb/crlib v0.0.0-20251122031428-fe658a2dbda1 h1:iX0YCYC5Jbt2/g7zNTP/QxhrV8Syp5kkzNiERKeN1uE=
github.com/cockroachdb/crlib v0.0.0-20251122031428-fe658a2dbda1/go.mod h1:NjNuToN/FbhwH1cCyM9G4Rhtxx+ZaOgtoqFR+thng7w=
github.com/cockroachdb/datadriven v1.0.3-0.20250407164829-2945557346d5 h1:UycK/E0TkisVrQbSoxvU827FwgBBcZ95nRRmpj/12QI=
github.com/cockroachdb/datadriven v1.0.3-0.20250407164829-2945557346d5/go.mod h1:jsaKMvD3RBCATk1/jbUZM8C9idWBJME9+VRZ5+Liq1g=
github.com/cockroachdb/errors v1.14.0 h1:EfdVEJpN3z8rPMo43Yit59LxoiIa470fSXpZXuEs+ZI=
github.com/cockroachdb/errors v1.14.0/go.mod h1:xRa70jZ9sNBQmISt5KmJmAD++E4dQHm89oCRiZGEdq0=
github.com/cockroachdb/logtags v0.0.0-20241215232642-bb51bb14a506 h1:ASDL+UJcILMqgNeV5jiqR4j+sTuvQNHdf2chuKj1M5k=
github.com/cockroachdb/logtags v0.0.0-20241215232642-bb51bb14a506/go.mod h1:Mw7HqKr2kdtu6aYGn3tPmAftiP3QPX63LdK/zcariIo=
github.com/cockroachdb/metamorphic v0.0.0-20231108215700-4ba948b56895 h1:XANOgPYtvELQ/h4IrmPAohXqe2pWA8Bwhejr3VQoZsA=
github.com/cockroachdb/metamorphic v0.0.0-20231108215700-4ba948b56895/go.mod h1:aPd7gM9ov9M8v32Yy5NJrDyOcD8z642dqs+F0CeNXfA=
github.com/cockroachdb/pebble/v2 v2.1.6 h1:GDo7Z2+LgFZ7LJLdLmBXhDeTVIwgSPGxIT15hE7vGqM=
github.com/cockroachdb/pebble/v2 v2.1.6/go.mod h1:Reo1RTniv1UjVTAu/Fv74y5i3kJ5gmVrPhO9UtFiKn8=
github.com/cockroachdb/redact v1.1.8 h1:8eVLLj6juKxiKrAEw2b8cJvNqWq++U8WOfQFuL7KTaA=
github.com/cockroachdb/redact v1.1.8/go.mod h1:GceHHpJ0rMDpYARL5In88Alq/xMBUtVlz7Qxix6ZVkw=
github.com/cockroachdb/swiss v0.0.0-20251224182025-b0f6560f979b h1:VXvSNzmr8hMj8XTuY0PT9Ane9qZGul/p67vGYwl9BFI=
github.com/cockroachdb/swiss v0.0.0-20251224182025-b0f6560f979b/go.mod h1:yBRu/cnL4ks9bgy4vAASdjIW+/xMlFwuHKqtmh3GZQg=
github.com/cockroachdb/tokenbucket v0.0.0-20250429170803-42689b6311bb h1:3bCgBvB8PbJVMX1ouCcSIxvsqKPYM7gs72o0zC76n9g=
github.com/cockroachdb/tokenbucket v0.0.0-20250429170803-42689b6311bb/go.mod h1:7nc4anLGjupUW/PeY5qiNYsdNXj7zopG+eqsS7To5IQ=
github.com/creack/pty v1.1.9/go.mod h1:oKZEueFk5CKHvIhNR5MUki03XCEU+Q6VDXinZuGJ33E=
github.com/davecgh/go-spew v1.1.0/go.mod h1:J7Y8YcW2NihsgmVo/mv3lAwl/skON4iLHjSsI+c5H38=
github.com/davecgh/go-spew v1.1.1/go.mod h1:J7Y8YcW2NihsgmVo/mv3lAwl/skON4iLHjSsI+c5H38=
github.com/davecgh/go-spew v1.1.2-0.20180830191138-d8f796af33cc h1:U9qPSI2PIWSS1VwoXQT9A3Wy9MM3WgvqSxFWenqJduM=
github.com/davecgh/go-spew v1.1.2-0.20180830191138-d8f796af33cc/go.mod h1:J7Y8YcW2NihsgmVo/mv3lAwl/skON4iLHjSsI+c5H38=
github.com/drone/envsubst v1.0.3 h1:PCIBwNDYjs50AsLZPYdfhSATKaRg/FJmDc2D6+C2x8g=
github.com/drone/envsubst v1.0.3/go.mod h1:N2jZmlMufstn1KEqvbHjw40h1KyTmnVzHcSc9bFiJ2g=
github.com/emicklei/go-restful/v3 v3.13.0 h1:C4Bl2xDndpU6nJ4bc1jXd+uTmYPVUwkD6bFY/oTyCes=
github.com/emicklei/go-restful/v3 v3.13.0/go.mod h1:6n3XBCmQQb25CM2LCACGz8ukIrRry+4bhvbpWn3mrbc=
github.com/envoyproxy/go-control-plane v0.14.0 h1:hbG2kr4RuFj222B6+7T83thSPqLjwBIfQawTkC++2HA=
github.com/envoyproxy/go-control-plane v0.14.0/go.mod h1:NcS5X47pLl/hfqxU70yPwL9ZMkUlwlKxtAohpi2wBEU=
github.com/envoyproxy/go-control-plane/envoy v1.37.0 h1:u3riX6BoYRfF4Dr7dwSOroNfdSbEPe9Yyl09/B6wBrQ=
github.com/envoyproxy/go-control-plane/envoy v1.37.0/go.mod h1:DReE9MMrmecPy+YvQOAOHNYMALuowAnbjjEMkkWOi6A=
github.com/envoyproxy/go-control-plane/ratelimit v0.1.0 h1:/G9QYbddjL25KvtKTv3an9lx6VBE2cnb8wp1vEGNYGI=
github.com/envoyproxy/go-control-plane/ratelimit v0.1.0/go.mod h1:Wk+tMFAFbCXaJPzVVHnPgRKdUdwW/KdbRt94AzgRee4=
github.com/envoyproxy/protoc-gen-validate v1.3.3 h1:MVQghNeW+LZcmXe7SY1V36Z+WFMDjpqGAGacLe2T0ds=
github.com/envoyproxy/protoc-gen-validate v1.3.3/go.mod h1:TsndJ/ngyIdQRhMcVVGDDHINPLWB7C82oDArY51KfB0=
github.com/felixge/httpsnoop v1.1.0 h1:3YtUj32ZZkqZtt3sZZsClsymw/QDuVfpNhoA31zeORc=
github.com/felixge/httpsnoop v1.1.0/go.mod h1:Zqxgdd+1Rkcz8euOqdr7lqgCRJztwr5hp9vDSi5UZCE=
github.com/fxamacker/cbor/v2 v2.9.2 h1:X4Ksno9+x3cz0TZv69ec1hxP/+tymuR8PXQJyDwfh78=
github.com/fxamacker/cbor/v2 v2.9.2/go.mod h1:vM4b+DJCtHn+zz7h3FFp/hDAI9WNWCsZj23V5ytsSxQ=
github.com/getsentry/sentry-go v0.47.0 h1:AnSMSyrYA5qZCIN/2xpgAAwv63sVULV+vBq37ajouc8=
github.com/getsentry/sentry-go v0.47.0/go.mod h1:h+b4VHpKnK7aUXB5wc+KDnPgp9ZtfliRD4eV85FbiSA=
github.com/ghemawat/stream v0.0.0-20171120220530-696b145b53b9 h1:r5GgOLGbza2wVHRzK7aAj6lWZjfbAwiu/RDCVOKjRyM=
github.com/ghemawat/stream v0.0.0-20171120220530-696b145b53b9/go.mod h1:106OIgooyS7OzLDOpUGgm9fA3bQENb/cFSyyBmMoJDs=
github.com/go-errors/errors v1.4.2 h1:J6MZopCL4uSllY1OfXM374weqZFFItUbrImctkmUxIA=
github.com/go-errors/errors v1.4.2/go.mod h1:sIVyrIiJhuEF+Pj9Ebtd6P/rEYROXFi3BopGUQ5a5Og=
github.com/go-jose/go-jose/v4 v4.1.4 h1:moDMcTHmvE6Groj34emNPLs/qtYXRVcd6S7NHbHz3kA=
github.com/go-jose/go-jose/v4 v4.1.4/go.mod h1:x4oUasVrzR7071A4TnHLGSPpNOm2a21K9Kf04k1rs08=
github.com/go-logr/logr v1.2.2/go.mod h1:jdQByPbusPIv2/zmleS9BjJVeZ6kBagPoEUsqbVz/1A=
github.com/go-logr/logr v1.4.3 h1:CjnDlHq8ikf6E492q6eKboGOC0T8CDaOvkHCIg8idEI=
github.com/go-logr/logr v1.4.3/go.mod h1:9T104GzyrTigFIr8wt5mBrctHMim0Nb2HLGrmQ40KvY=
github.com/go-logr/stdr v1.2.2 h1:hSWxHoqTgW2S2qGc0LTAI563KZ5YKYRhT3MFKZMbjag=
github.com/go-logr/stdr v1.2.2/go.mod h1:mMo/vtBO5dYbehREoey6XUKy/eSumjCCveDpRre4VKE=
github.com/go-openapi/jsonpointer v0.23.1 h1:1HBACs7XIwR2RcmItfdSFlALhGbe6S92p0ry4d1GWg4=
github.com/go-openapi/jsonpointer v0.23.1/go.mod h1:iWRmZTrGn7XwYhtPt/fvdSFj1OfNBngqRT2UG3BxSqY=
github.com/go-openapi/jsonreference v0.21.6 h1:NZ5nGfnaM1n4I43Xjm1e5/M2GjOwQwndQz22uhxwD+Y=
github.com/go-openapi/jsonreference v0.21.6/go.mod h1:xzbgtQ3ZbWxvET3AxdzCJlJt6vkovbf+IfSPJjD0tUY=
github.com/go-openapi/swag v0.26.1 h1:l5sVEyVpwj+DDYeZyo7wQI/Ebn/mKYIyGB/pFwAfGoQ=
github.com/go-openapi/swag v0.26.1/go.mod h1:yNY38BbIVthxbkDtq1UHBCGasBqjakW3lCR6ANzdBEw=
github.com/go-openapi/swag/cmdutils v0.26.1 h1:f2iE1ijYaJ3nuu5PaEMx3zpEhzhZFgivCJObWEObLIQ=
github.com/go-openapi/swag/cmdutils v0.26.1/go.mod h1:Sm1MVFMkF6guJJ+pQqHnQA3N0j9qALV3NxzDSv6bETM=
github.com/go-openapi/swag/conv v0.26.1 h1:slr5FVkg9Wc3Y5zcwenD8Sd/PQ94b2I/QJI7N7KTBpg=
github.com/go-openapi/swag/conv v0.26.1/go.mod h1:mvQXgPptZk9GTrFgGwWvT4q+dN+zQej9JfmGwnipz1A=
github.com/go-openapi/swag/fileutils v0.26.1 h1:K1XCM2CGhfNsc6YDt6v7Q5+1e59rftYWdcu/isZhvFw=
github.com/go-openapi/swag/fileutils v0.26.1/go.mod h1:mYUgxQAKX4ShS3qvvySx+/9yrlUnDhjiD1CalaQl8lQ=
github.com/go-openapi/swag/jsonname v0.26.1 h1:VReupaV6WxlAsCn0e4DUfgV6bPmINnPpyJDLqSfNPcE=
github.com/go-openapi/swag/jsonname v0.26.1/go.mod h1:OvdW6BoWoj33pTfi7x9vFrgmT+fk7aw0BRwvCE0YOuc=
github.com/go-openapi/swag/jsonutils v0.26.1 h1:2hdBfFkHg+7Wrz2VsCbeyR6hzkRDs7AztnMR2u84yOY=
github.com/go-openapi/swag/jsonutils v0.26.1/go.mod h1:U+RMJH3wa+6BRiphuRtIyI8fW9HPFqFQ4sHk2oRx0UQ=
github.com/go-openapi/swag/jsonutils/fixtures_test v0.26.1 h1:1CD7NiLLb/TXl3tOnFYU4b+mNfb5rtgHkaA+q7RMYYQ=
github.com/go-openapi/swag/jsonutils/fixtures_test v0.26.1/go.mod h1:ZWafc8nMdYzTE3uYY6W86f0n46+IF0g4uUyRhJw/kXc=
github.com/go-openapi/swag/loading v0.26.1 h1:E9K4wqXeROlhjFQ13K9zMz6ojFGXIggGe+ad1odrK9w=
github.com/go-openapi/swag/loading v0.26.1/go.mod h1:3qvRIlWzWdq1HvmldwmuJ2ohpcAryN6xVt2OTKd0/7E=
github.com/go-openapi/swag/mangling v0.26.1 h1:gpYI4WuPKFJJVjV5cDLGlDVJhFIxYjQc7yN5eEb4CqM=
github.com/go-openapi/swag/mangling v0.26.1/go.mod h1:POETDH01hqAdASXfw7ISEd9bCOE6xBHOt8NHmGZRmYM=
github.com/go-openapi/swag/netutils v0.26.1 h1:BNctoc39WTAUMxyAs355fExOPzMZtPbZ0ZZ1Am2FR5M=
github.com/go-openapi/swag/netutils v0.26.1/go.mod h1:y02vByhZhQPAVwOX+0KipXFZ/hUbk6G/Enhf5rGaOkQ=
github.com/go-openapi/swag/stringutils v0.26.1 h1:f88uYyTso7TnHrKM/bUBsQ5e2wKf37cpgo6pvbzd9yU=
github.com/go-openapi/swag/stringutils v0.26.1/go.mod h1:Sc6d3bU8fgk5AyZR8/8jEQ+Is/Ald+TD/IIggPN8UJk=
github.com/go-openapi/swag/typeutils v0.26.1 h1:yg42FgMzRR6PVQ3M3qHz1s+Y6/P4HoJ3cBarXa3OVnU=
github.com/go-openapi/swag/typeutils v0.26.1/go.mod h1:VfnV+oUtSP2vCSCn2aJgnr8OevUYemyIzzS1VOzS10o=
github.com/go-openapi/swag/yamlutils v0.26.1 h1:0TSLK+lXs9vfIhAWzBeI/lOzEnIoot6WTCO1aAeWFTk=
github.com/go-openapi/swag/yamlutils v0.26.1/go.mod h1:7W5b7PRX9MxwL7TjeG7H8HkyBGRsIDRObhyMWFgBI2M=
github.com/go-openapi/testify/enable/yaml/v2 v2.5.1 h1:q9NtHwK4qHF7yZziBPvZyv7zWAIk8ok88Gh2mR6Jpc8=
github.com/go-openapi/testify/enable/yaml/v2 v2.5.1/go.mod h1:JW0MXIotCYps/XsgJnG3a8Q7rE5xAiBwoOD5OfaIQBk=
github.com/go-openapi/testify/v2 v2.5.1 h1:TMdhCaw8fUNraVSf3Omoob1dO/AzBfhtFAPW0an6sBo=
github.com/go-openapi/testify/v2 v2.5.1/go.mod h1:SgsVHtfooshd0tublTtJ50FPKhujf47YRqauXXOUxfw=
github.com/go-task/slim-sprig/v3 v3.0.0 h1:sUs3vkvUymDpBKi3qH1YSqBQk9+9D/8M2mN1vB6EwHI=
github.com/go-task/slim-sprig/v3 v3.0.0/go.mod h1:W848ghGpv3Qj3dhTPRyJypKRiqCdHZiAzKg9hl15HA8=
github.com/gogo/protobuf v1.3.2 h1:Ov1cvc58UF3b5XjBnZv7+opcTcQFZebYjWzi34vdm4Q=
github.com/gogo/protobuf v1.3.2/go.mod h1:P1XiOD3dCwIKUDQYPy72D8LYyHL2YPYrpS2s69NZV8Q=
github.com/golang-jwt/jwt/v5 v5.3.1 h1:kYf81DTWFe7t+1VvL7eS+jKFVWaUnK9cB1qbwn63YCY=
github.com/golang-jwt/jwt/v5 v5.3.1/go.mod h1:fxCRLWMO43lRc8nhHWY6LGqRcf+1gQWArsqaEUEa5bE=
github.com/golang/protobuf v1.5.4 h1:i7eJL8qZTpSEXOPTxNKhASYpMn+8e5Q6AdndVa1dWek=
github.com/golang/protobuf v1.5.4/go.mod h1:lnTiLA8Wa4RWRcIUkrtSVa5nRhsEGBg48fD6rSs7xps=
github.com/golang/snappy v1.0.0 h1:Oy607GVXHs7RtbggtPBnr2RmDArIsAefDwvrdWvRhGs=
github.com/golang/snappy v1.0.0/go.mod h1:/XxbfmMg8lxefKM7IXC3fBNl/7bRcc72aCRzEWrmP2Q=
github.com/google/gnostic-models v0.7.1 h1:SisTfuFKJSKM5CPZkffwi6coztzzeYUhc3v4yxLWH8c=
github.com/google/gnostic-models v0.7.1/go.mod h1:whL5G0m6dmc5cPxKc5bdKdEN3UjI7OUGxBlw57miDrQ=
github.com/google/go-cmp v0.2.0/go.mod h1:oXzfMopK8JAjlY9xF4vHSVASa0yLyX7SntLO5aqRK0M=
github.com/google/go-cmp v0.7.0 h1:wk8382ETsv4JYUZwIsn6YpYiWiBsYLSJiTsyBybVuN8=
github.com/google/go-cmp v0.7.0/go.mod h1:pXiqmnSA92OHEEa9HXL2W4E7lf9JzCmGVUdgjX3N/iU=
github.com/google/gofuzz v1.0.0/go.mod h1:dBl0BpW6vV/+mYPU4Po3pmUjxk6FQPldtuIdl/M65Eg=
github.com/google/martian/v3 v3.3.3 h1:DIhPTQrbPkgs2yJYdXU/eNACCG5DVQjySNRNlflZ9Fc=
github.com/google/martian/v3 v3.3.3/go.mod h1:iEPrYcgCF7jA9OtScMFQyAlZZ4YXTKEtJ1E6RWzmBA0=
github.com/google/pprof v0.0.0-20260402051712-545e8a4df936 h1:EwtI+Al+DeppwYX2oXJCETMO23COyaKGP6fHVpkpWpg=
github.com/google/pprof v0.0.0-20260402051712-545e8a4df936/go.mod h1:MxpfABSjhmINe3F1It9d+8exIHFvUqtLIRCdOGNXqiI=
github.com/google/s2a-go v0.1.9 h1:LGD7gtMgezd8a/Xak7mEWL0PjoTQFvpRudN895yqKW0=
github.com/google/s2a-go v0.1.9/go.mod h1:YA0Ei2ZQL3acow2O62kdp9UlnvMmU7kA6Eutn0dXayM=
github.com/google/uuid v1.6.0 h1:NIvaJDMOsjHA8n1jAhLSgzrAzy1Hgr+hNrb57e+94F0=
github.com/google/uuid v1.6.0/go.mod h1:TIyPZe4MgqvfeYDBFedMoGGpEw/LqOeaOT+nhxU+yHo=
github.com/googleapis/enterprise-certificate-proxy v0.3.17 h1:73NfMHdiqo9JFU9+7a5ExpVa10/R29pXfZIaW559nrg=
github.com/googleapis/enterprise-certificate-proxy v0.3.17/go.mod h1:rSEsBUemEBZEexP2y6jPp16LUmUbjmSbcPMQizR0o4k=
github.com/googleapis/gax-go/v2 v2.22.0 h1:PjIWBpgGIVKGoCXuiCoP64altEJCj3/Ei+kSU5vlZD4=
github.com/googleapis/gax-go/v2 v2.22.0/go.mod h1:irWBbALSr0Sk3qlqb9SyJ1h68WjgeFuiOzI4Rqw5+aY=
github.com/gorilla/websocket v1.5.4-0.20250319132907-e064f32e3674 h1:JeSE6pjso5THxAzdVpqr6/geYxZytqFMBCOtn/ujyeo=
github.com/gorilla/websocket v1.5.4-0.20250319132907-e064f32e3674/go.mod h1:r4w70xmWCQKmi1ONH4KIaBptdivuRPyosB9RmPlGEwA=
github.com/grpc-ecosystem/grpc-gateway/v2 v2.29.0 h1:5VipnvEpbqr2gA2VbM+nYVbkIF28c5ZQfqCBQ5g2xfk=
github.com/grpc-ecosystem/grpc-gateway/v2 v2.29.0/go.mod h1:Hyl3n6Twe1hvtd9XUXDec4pTvgMSEixRuQKPTMH2bNs=
github.com/jmespath/go-jmespath v0.4.0 h1:BEgLn5cpjn8UN1mAw4NjwDrS35OdebyEtFe+9YPoQUg=
github.com/jmespath/go-jmespath v0.4.0/go.mod h1:T8mJZnbsbmF+m6zOOFylbeCJqk5+pHWvzYPziyZiYoo=
github.com/jmespath/go-jmespath/internal/testify v1.5.1 h1:shLQSRRSCCPj3f2gpwzGwWFoC7ycTf1rcQZHOlsJ6N8=
github.com/jmespath/go-jmespath/internal/testify v1.5.1/go.mod h1:L3OGu8Wl2/fWfCI6z80xFu9LTZmf1ZRjMHUOPmWr69U=
github.com/json-iterator/go v1.1.12 h1:PV8peI4a0ysnczrg+LtxykD8LfKY9ML6u2jnxaEnrnM=
github.com/json-iterator/go v1.1.12/go.mod h1:e30LSqwooZae/UwlEbR2852Gd8hjQvJoHmT4TnhNGBo=
github.com/karrick/godirwalk v1.17.0 h1:b4kY7nqDdioR/6qnbHQyDvmA17u5G1cZ6J+CZXwSWoI=
github.com/karrick/godirwalk v1.17.0/go.mod h1:j4mkqPuvaLI8mp1DroR3P6ad7cyYd4c1qeJ3RV7ULlk=
github.com/kisielk/errcheck v1.5.0/go.mod h1:pFxgyoBC7bSaBwPgfKdkLd5X25qrDl4LWUI2bnpBCr8=
github.com/kisielk/gotool v1.0.0/go.mod h1:XhKaO+MFFWcvkIS/tQcRk01m1F5IRFswLeQ+oQHNcck=
github.com/klauspost/compress v1.18.6 h1:2jupLlAwFm95+YDR+NwD2MEfFO9d4z4Prjl1XXDjuao=
github.com/klauspost/compress v1.18.6/go.mod h1:cwPg85FWrGar70rWktvGQj8/hthj3wpl0PGDogxkrSQ=
github.com/kr/pretty v0.3.1 h1:flRD4NNwYAUpkphVc1HcthR4KEIFJ65n8Mw5qdRn3LE=
github.com/kr/pretty v0.3.1/go.mod h1:hoEshYVHaxMs3cyo3Yncou5ZscifuDolrwPKZanG3xk=
github.com/kr/text v0.2.0 h1:5Nx0Ya0ZqY2ygV366QzturHI13Jq95ApcVaJBhpS+AY=
github.com/kr/text v0.2.0/go.mod h1:eLer722TekiGuMkidMxC/pM04lWEeraHUUmBw8l2grE=
github.com/kylelemons/godebug v1.1.0 h1:RPNrshWIDI6G2gRW9EHilWtl7Z6Sb1BR0xunSBf0SNc=
github.com/kylelemons/godebug v1.1.0/go.mod h1:9/0rRGxNHcop5bhtWyNeEfOS8JIWk580+fNqagV/RAw=
github.com/lufia/iostat v1.2.1 h1:tnCdZBIglgxD47RyD55kfWQcJMGzO+1QBziSQfesf2k=
github.com/lufia/iostat v1.2.1/go.mod h1:rEPNA0xXgjHQjuI5Cy05sLlS2oRcSlWHRLrvh/AQ+Pg=
github.com/minio/minlz v1.1.1 h1:OGmft1V6AnI/Wme332U6bhG54nxEan+VFgkD7lat4KM=
github.com/minio/minlz v1.1.1/go.mod h1:qT0aEB35q79LLornSzeDH75LBf3aH1MV+jB5w9Wasec=
github.com/modern-go/concurrent v0.0.0-20180228061459-e0a39a4cb421/go.mod h1:6dJC0mAP4ikYIbvyc7fijjWJddQyLn8Ig3JB5CqoB9Q=
github.com/modern-go/concurrent v0.0.0-20180306012644-bacd9c7ef1dd h1:TRLaZ9cD/w8PVh93nsPXa1VrQ6jlwL5oN8l14QlcNfg=
github.com/modern-go/concurrent v0.0.0-20180306012644-bacd9c7ef1dd/go.mod h1:6dJC0mAP4ikYIbvyc7fijjWJddQyLn8Ig3JB5CqoB9Q=
github.com/modern-go/reflect2 v1.0.2/go.mod h1:yWuevngMOJpCy52FWWMvUC8ws7m/LJsjYzDa0/r8luk=
github.com/modern-go/reflect2 v1.0.3-0.20250322232337-35a7c28c31ee h1:W5t00kpgFdJifH4BDsTlE89Zl93FEloxaWZfGcifgq8=
github.com/modern-go/reflect2 v1.0.3-0.20250322232337-35a7c28c31ee/go.mod h1:yWuevngMOJpCy52FWWMvUC8ws7m/LJsjYzDa0/r8luk=
github.com/munnerz/goautoneg v0.0.0-20191010083416-a7dc8b61c822 h1:C3w9PqII01/Oq1c1nUAm88MOHcQC9l5mIlSMApZMrHA=
github.com/munnerz/goautoneg v0.0.0-20191010083416-a7dc8b61c822/go.mod h1:+n7T8mK8HuQTcFwEeznm/DIxMOiR9yIdICNftLE1DvQ=
github.com/onsi/ginkgo/v2 v2.28.1 h1:S4hj+HbZp40fNKuLUQOYLDgZLwNUVn19N3Atb98NCyI=
github.com/onsi/ginkgo/v2 v2.28.1/go.mod h1:CLtbVInNckU3/+gC8LzkGUb9oF+e8W8TdUsxPwvdOgE=
github.com/onsi/gomega v1.39.1 h1:1IJLAad4zjPn2PsnhH70V4DKRFlrCzGBNrNaru+Vf28=
github.com/onsi/gomega v1.39.1/go.mod h1:hL6yVALoTOxeWudERyfppUcZXjMwIMLnuSfruD2lcfg=
github.com/philhofer/fwd v1.2.0 h1:e6DnBTl7vGY+Gz322/ASL4Gyp1FspeMvx1RNDoToZuM=
github.com/philhofer/fwd v1.2.0/go.mod h1:RqIHx9QI14HlwKwm98g9Re5prTQ6LdeRQn+gXJFxsJM=
github.com/pierrec/lz4/v4 v4.1.27 h1:+PhzhWDrjRj89TH2sw43nE3+4+W8lSxIuQadEHZyjUk=
github.com/pierrec/lz4/v4 v4.1.27/go.mod h1:EoQMVJgeeEOMsCqCzqFm2O0cJvljX2nGZjcRIPL34O4=
github.com/pingcap/errors v0.11.4 h1:lFuQV/oaUMGcD2tqt+01ROSmJs75VG1ToEOkZIZ4nE4=
github.com/pingcap/errors v0.11.4/go.mod h1:Oi8TUi2kEtXXLMJk9l1cGmz20kV3TaQ0usTwv5KuLY8=
github.com/pkg/diff v0.0.0-20210226163009-20ebb0f2a09e/go.mod h1:pJLUxLENpZxwdsKMEsNbx1VGcRFpLqf3715MtcvvzbA=
github.com/pkg/errors v0.9.1 h1:FEBLx1zS214owpjy7qsBeixbURkuhQAwrK5UwLGTwt4=
github.com/pkg/errors v0.9.1/go.mod h1:bwawxfHBFNV+L2hUp1rHADufV3IMtnDRdf1r5NINEl0=
github.com/planetscale/vtprotobuf v0.6.1-0.20240319094008-0393e58bdf10 h1:GFCKgmp0tecUJ0sJuv4pzYCqS9+RGSn52M3FUwPs+uo=
github.com/planetscale/vtprotobuf v0.6.1-0.20240319094008-0393e58bdf10/go.mod h1:t/avpk3KcrXxUnYOhZhMXJlSEyie6gQbtLq5NM3loB8=
github.com/pmezard/go-difflib v1.0.0/go.mod h1:iKH77koFhYxTK1pcRnkKkqfTogsbg7gZNVY4sRDYZ/4=
github.com/pmezard/go-difflib v1.0.1-0.20181226105442-5d4384ee4fb2 h1:Jamvg5psRIccs7FGNTlIRMkT8wgtp5eCXdBlqhYGL6U=
github.com/pmezard/go-difflib v1.0.1-0.20181226105442-5d4384ee4fb2/go.mod h1:iKH77koFhYxTK1pcRnkKkqfTogsbg7gZNVY4sRDYZ/4=
github.com/prometheus/client_golang v1.23.2 h1:Je96obch5RDVy3FDMndoUsjAhG5Edi49h0RJWRi/o0o=
github.com/prometheus/client_golang v1.23.2/go.mod h1:Tb1a6LWHB3/SPIzCoaDXI4I8UHKeFTEQ1YCr+0Gyqmg=
github.com/prometheus/client_model v0.6.2 h1:oBsgwpGs7iVziMvrGhE53c/GrLUsZdHnqNwqPLxwZyk=
github.com/prometheus/client_model v0.6.2/go.mod h1:y3m2F6Gdpfy6Ut/GBsUqTWZqCUvMVzSfMLjcu6wAwpE=
github.com/prometheus/common v0.69.0 h1:OA85nJQS/T/MaYh/Q2CcgDKSGWqNIgrBDvDH85CuiNk=
github.com/prometheus/common v0.69.0/go.mod h1:ZzL3f6u94qUxh9p+tJTrF+FvBS1XXbbRAZCQkytAL0Y=
github.com/prometheus/procfs v0.20.1 h1:XwbrGOIplXW/AU3YhIhLODXMJYyC1isLFfYCsTEycfc=
github.com/prometheus/procfs v0.20.1/go.mod h1:o9EMBZGRyvDrSPH1RqdxhojkuXstoe4UlK79eF5TGGo=
github.com/rogpeppe/go-internal v1.9.0/go.mod h1:WtVeX8xhTBvf0smdhujwtBcq4Qrzq/fJaraNFVN+nFs=
github.com/rogpeppe/go-internal v1.15.0 h1:D0RCU5rMAp+SpgkiNdrjfJ+LX4J1M32V2NeCY7EJ6hc=
github.com/rogpeppe/go-internal v1.15.0/go.mod h1:DrUVZyrJU+txYW5/1kwtXQSMFio52ZOxX7yM1VHvnxs=
github.com/spf13/pflag v1.0.10 h1:4EBh2KAYBwaONj6b2Ye1GiHfwjqyROoF4RwYO+vPwFk=
github.com/spf13/pflag v1.0.10/go.mod h1:McXfInJRrz4CZXVZOBLb0bTZqETkiAhM9Iw0y3An2Bg=
github.com/spiffe/go-spiffe/v2 v2.8.1 h1:eXZMLsu+3MLEPJyGJkolqtVrteZfQdUpOWj6LTiDl/E=
github.com/spiffe/go-spiffe/v2 v2.8.1/go.mod h1:47Q0Q9/AqGha8QLHp+kxpH4Wca7X7EnOtlIJy3mxZ3U=
github.com/stretchr/objx v0.1.0/go.mod h1:HFkY916IF+rwdDfMAkV7OtwuqBVzrE8GR6GFx+wExME=
github.com/stretchr/objx v0.5.2 h1:xuMeJ0Sdp5ZMRXx/aWO6RZxdr3beISkG5/G/aIRr3pY=
github.com/stretchr/objx v0.5.2/go.mod h1:FRsXN1f5AsAjCGJKqEizvkpNtU+EGNCLh3NxZ/8L+MA=
github.com/stretchr/testify v1.3.0/go.mod h1:M5WIy9Dh21IEIfnGCwXGc5bZfKNJtfHm1UVUgZn+9EI=
github.com/stretchr/testify v1.11.1 h1:7s2iGBzp5EwR7/aIZr8ao5+dra3wiQyKjjFuvgVKu7U=
github.com/stretchr/testify v1.11.1/go.mod h1:wZwfW3scLgRK+23gO65QZefKpKQRnfz6sD981Nm4B6U=
github.com/teris-io/shortid v0.0.0-20220617161101-71ec9f2aa569 h1:xzABM9let0HLLqFypcxvLmlvEciCHL7+Lv+4vwZqecI=
github.com/teris-io/shortid v0.0.0-20220617161101-71ec9f2aa569/go.mod h1:2Ly+NIftZN4de9zRmENdYbvPQeaVIYKWpLFStLFEBgI=
github.com/tidwall/assert v0.1.0 h1:aWcKyRBUAdLoVebxo95N7+YZVTFF/ASTr7BN4sLP6XI=
github.com/tidwall/assert v0.1.0/go.mod h1:QLYtGyeqse53vuELQheYl9dngGCJQ+mTtlxcktb+Kj8=
github.com/tidwall/btree v1.8.1 h1:27ehoXvm5AG/g+1VxLS1SD3vRhp/H7LuEfwNvddEdmA=
github.com/tidwall/btree v1.8.1/go.mod h1:jBbTdUWhSZClZWoDg54VnvV7/54modSOzDN7VXftj1A=
github.com/tidwall/buntdb v1.3.2 h1:qd+IpdEGs0pZci37G4jF51+fSKlkuUTMXuHhXL1AkKg=
github.com/tidwall/buntdb v1.3.2/go.mod h1:lZZrZUWzlyDJKlLQ6DKAy53LnG7m5kHyrEHvvcDmBpU=
github.com/tidwall/gjson v1.12.1/go.mod h1:/wbyibRr2FHMks5tjHJ5F8dMZh3AcwJEMf5vlfC0lxk=
github.com/tidwall/gjson v1.19.0 h1:xwxm7n691Uf3u5OFjzngavjGTh55KX5q/9w9xHW88JU=
github.com/tidwall/gjson v1.19.0/go.mod h1:V37/opeE/JbLUOfH0QTXiNez2l0RUjYUhpT4szFQAfc=
github.com/tidwall/grect v0.1.4 h1:dA3oIgNgWdSspFzn1kS4S/RDpZFLrIxAZOdJKjYapOg=
github.com/tidwall/grect v0.1.4/go.mod h1:9FBsaYRaR0Tcy4UwefBX/UDcDcDy9V5jUcxHzv2jd5Q=
github.com/tidwall/lotsa v1.0.2 h1:dNVBH5MErdaQ/xd9s769R31/n2dXavsQ0Yf4TMEHHw8=
github.com/tidwall/lotsa v1.0.2/go.mod h1:X6NiU+4yHA3fE3Puvpnn1XMDrFZrE9JO2/w+UMuqgR8=
github.com/tidwall/match v1.1.1/go.mod h1:eRSPERbgtNPcGhD8UCthc6PmLEQXEWd3PRB5JTxsfmM=
github.com/tidwall/match v1.2.0 h1:0pt8FlkOwjN2fPt4bIl4BoNxb98gGHN2ObFEDkrfZnM=
github.com/tidwall/match v1.2.0/go.mod h1:eRSPERbgtNPcGhD8UCthc6PmLEQXEWd3PRB5JTxsfmM=
github.com/tidwall/pretty v1.2.0/go.mod h1:ITEVvHYasfjBbM0u2Pg8T2nJnzm8xPwvNhhsoaGGjNU=
github.com/tidwall/pretty v1.2.1 h1:qjsOFOWWQl+N3RsoF5/ssm1pHmJJwhjlSbZ51I6wMl4=
github.com/tidwall/pretty v1.2.1/go.mod h1:ITEVvHYasfjBbM0u2Pg8T2nJnzm8xPwvNhhsoaGGjNU=
github.com/tidwall/rtred v0.1.2 h1:exmoQtOLvDoO8ud++6LwVsAMTu0KPzLTUrMln8u1yu8=
github.com/tidwall/rtred v0.1.2/go.mod h1:hd69WNXQ5RP9vHd7dqekAz+RIdtfBogmglkZSRxCHFQ=
github.com/tidwall/tinyqueue v0.1.1 h1:SpNEvEggbpyN5DIReaJ2/1ndroY8iyEGxPYxoSaymYE=
github.com/tidwall/tinyqueue v0.1.1/go.mod h1:O/QNHwrnjqr6IHItYrzoHAKYhBkLI67Q096fQP5zMYw=
github.com/tinylib/msgp v1.6.4 h1:mOwYbyYDLPj35mkA2BjjYejgJk9BuHxDdvRnb6v2ZcQ=
github.com/tinylib/msgp v1.6.4/go.mod h1:RSp0LW9oSxFut3KzESt5Voq4GVWyS+PSulT77roAqEA=
github.com/valyala/bytebufferpool v1.0.0 h1:GqA5TC/0021Y/b9FG4Oi9Mr3q7XYx6KllzawFIhcdPw=
github.com/valyala/bytebufferpool v1.0.0/go.mod h1:6bBcMArwyJ5K/AmCkWv1jt77kVWyCJ6HpOuEn7z0Csc=
github.com/valyala/fasthttp v1.71.0 h1:tepR7H+Guh9VUqxxcPggYi8R3lGUu2Rsdh+z7/FCY3k=
github.com/valyala/fasthttp v1.71.0/go.mod h1:z1sDUvOShhXq/C9mwH/fSm1Vb71tUJwmQdgkBrBNwnA=
github.com/x448/float16 v0.8.4 h1:qLwI1I70+NjRFUR3zs1JPUCgaCXSh3SW62uAKT1mSBM=
github.com/x448/float16 v0.8.4/go.mod h1:14CWIYCyZA/cWjXOioeEpHeN/83MdbZDRQHoFcYsOfg=
github.com/xyproto/randomstring v1.0.5 h1:YtlWPoRdgMu3NZtP45drfy1GKoojuR7hmRcnhZqKjWU=
github.com/xyproto/randomstring v1.0.5/go.mod h1:rgmS5DeNXLivK7YprL0pY+lTuhNQW3iGxZ18UQApw/E=
github.com/yuin/goldmark v1.1.27/go.mod h1:3hX8gzYuyVAZsxl0MRgGTJEmQBFcNTphYh9decYSb74=
github.com/yuin/goldmark v1.2.1/go.mod h1:3hX8gzYuyVAZsxl0MRgGTJEmQBFcNTphYh9decYSb74=
go.opentelemetry.io/auto/sdk v1.2.1 h1:jXsnJ4Lmnqd11kwkBV2LgLoFMZKizbCi5fNZ/ipaZ64=
go.opentelemetry.io/auto/sdk v1.2.1/go.mod h1:KRTj+aOaElaLi+wW1kO/DZRXwkF4C5xPbEe3ZiIhN7Y=
go.opentelemetry.io/contrib/detectors/gcp v1.44.0 h1:NmLfL734pJhM0JKaYd2Y28+nY9dPRWYAAbxhRCrKXPw=
go.opentelemetry.io/contrib/detectors/gcp v1.44.0/go.mod h1:tNAsgd8avTGke1+MndXlU5Cru4PQ9Ai/cCNWQv/ZJ/s=
go.opentelemetry.io/contrib/instrumentation/google.golang.org/grpc/otelgrpc v0.69.0 h1:2yEATaop1/a1I4psnSLgWVPLWwCzkqWakgJy7xTDVy0=
go.opentelemetry.io/contrib/instrumentation/google.golang.org/grpc/otelgrpc v0.69.0/go.mod h1:D7J12YRapIekYyPWgGPlA/23pRmpSEZC5xJC/TTLI9U=
go.opentelemetry.io/contrib/instrumentation/net/http/otelhttp v0.69.0 h1:8tvICD4vSTOOsNrsI4Ljf6C+6UKvpTEH5XY3JMoyPoo=
go.opentelemetry.io/contrib/instrumentation/net/http/otelhttp v0.69.0/go.mod h1:z9+yiacE0IHRqM4qFfkbt/JYlmYXgss8GY/jXoNuPJI=
go.opentelemetry.io/otel v1.44.0 h1:JjwHmHpA4iZ3wBxluu2fbbE7j4kqlE8jXyAyPXH7HqU=
go.opentelemetry.io/otel v1.44.0/go.mod h1:BMgjTHL9WPRlRjL2oZCBTL4whCGtXch2H4BhOPIAyYc=
go.opentelemetry.io/otel/exporters/otlp/otlpmetric/otlpmetrichttp v1.44.0 h1:RuynHbfU8JUEw7DyONgkVYg2SVtsoF28y0LGIr69jgA=
go.opentelemetry.io/otel/exporters/otlp/otlpmetric/otlpmetrichttp v1.44.0/go.mod h1:qZF+/lBs71APw8mlnEZcqZHMzqrYrsFiJOv83lX1OGo=
go.opentelemetry.io/otel/exporters/otlp/otlptrace v1.43.0 h1:88Y4s2C8oTui1LGM6bTWkw0ICGcOLCAI5l6zsD1j20k=
go.opentelemetry.io/otel/exporters/otlp/otlptrace v1.43.0/go.mod h1:Vl1/iaggsuRlrHf/hfPJPvVag77kKyvrLeD10kpMl+A=
go.opentelemetry.io/otel/exporters/otlp/otlptrace/otlptracegrpc v1.43.0 h1:RAE+JPfvEmvy+0LzyUA25/SGawPwIUbZ6u0Wug54sLc=
go.opentelemetry.io/otel/exporters/otlp/otlptrace/otlptracegrpc v1.43.0/go.mod h1:AGmbycVGEsRx9mXMZ75CsOyhSP6MFIcj/6dnG+vhVjk=
go.opentelemetry.io/otel/exporters/stdout/stdoutmetric v1.43.0 h1:TC+BewnDpeiAmcscXbGMfxkO+mwYUwE/VySwvw88PfA=
go.opentelemetry.io/otel/exporters/stdout/stdoutmetric v1.43.0/go.mod h1:J/ZyF4vfPwsSr9xJSPyQ4LqtcTPULFR64KwTikGLe+A=
go.opentelemetry.io/otel/metric v1.44.0 h1:1w0gILTcHdr3YI+ixLyjemwrVnsMURbTZFrSYCdDdmc=
go.opentelemetry.io/otel/metric v1.44.0/go.mod h1:8O7hanEPBNgEMmybD3s2VBKcgWOCsA6tzHBPODAiquo=
go.opentelemetry.io/otel/metric/x v0.66.0 h1:YkCrx1zLOChi9ZcZ6euupOcsgzbVlec7D/xoEU1+cTA=
go.opentelemetry.io/otel/metric/x v0.66.0/go.mod h1:d1+BDj9t96do0/1LoU1ayfCv79ZgNE41qbhBvnMOBZk=
go.opentelemetry.io/otel/sdk v1.44.0 h1:nHYwb9lK+fJPU/dnT6s7W7Z8itMWyqrnVfbheVYrZ58=
go.opentelemetry.io/otel/sdk v1.44.0/go.mod h1:Osuydd3Se74nqjAKxid74N5eC+jfEqfTegHRnq58oK0=
go.opentelemetry.io/otel/sdk/metric v1.44.0 h1:3LlKgI+VjbVsjNRFZJZAJ30WjXC5VkNRks6si09iEfI=
go.opentelemetry.io/otel/sdk/metric v1.44.0/go.mod h1:5B5pMARnXxKhltooO4xUuCBorl65a4EpnTalObqOigA=
go.opentelemetry.io/otel/trace v1.44.0 h1:jxF5CsGYCe74MCRx2X4g7WsY/VBKRqqpNvXlX/6gtIk=
go.opentelemetry.io/otel/trace v1.44.0/go.mod h1:oLl1jrMQAVo6v3GAggN+1VH9VIz9iUSvW53sW1Q8PIE=
go.opentelemetry.io/proto/otlp v1.10.0 h1:IQRWgT5srOCYfiWnpqUYz9CVmbO8bFmKcwYxpuCSL2g=
go.opentelemetry.io/proto/otlp v1.10.0/go.mod h1:/CV4QoCR/S9yaPj8utp3lvQPoqMtxXdzn7ozvvozVqk=
go.uber.org/goleak v1.3.0 h1:2K3zAYmnTNqV73imy9J1T3WC+gmCePx2hEGkimedGto=
go.uber.org/goleak v1.3.0/go.mod h1:CoHD4mav9JJNrW/WLlf7HGZPjdw8EucARQHekz1X6bE=
go.yaml.in/yaml/v2 v2.4.4 h1:tuyd0P+2Ont/d6e2rl3be67goVK4R6deVxCUX5vyPaQ=
go.yaml.in/yaml/v2 v2.4.4/go.mod h1:gMZqIpDtDqOfM0uNfy0SkpRhvUryYH0Z6wdMYcacYXQ=
go.yaml.in/yaml/v3 v3.0.4 h1:tfq32ie2Jv2UxXFdLJdh3jXuOzWiL1fo0bu/FbuKpbc=
go.yaml.in/yaml/v3 v3.0.4/go.mod h1:DhzuOOF2ATzADvBadXxruRBLzYTpT36CKvDb3+aBEFg=
golang.org/x/crypto v0.0.0-20190308221718-c2843e01d9a2/go.mod h1:djNgcEr1/C05ACkg1iLfiJU5Ep61QUkGW8qpdssI0+w=
golang.org/x/crypto v0.0.0-20191011191535-87dc89f01550/go.mod h1:yigFU9vqHzYiE8UmvKecakEJjdnWj3jj499lnFckfCI=
golang.org/x/crypto v0.0.0-20200622213623-75b288015ac9/go.mod h1:LzIPMQfyMNhhGPhUkYOs5KpL4U8rLKemX1yGLhDgUto=
golang.org/x/crypto v0.53.0 h1:QZ4Muo8THX6CizN2vPPd5fBGHyogrdK9fG4wLPFUsto=
golang.org/x/crypto v0.53.0/go.mod h1:DNLU434OwVakk9PzuwV8w62mAJpRJL3vsgcfp4Qnsio=
golang.org/x/exp v0.0.0-20260611194520-c48552f49976 h1:X8Hz2ImujgbmetVuW+w2YkyZChE3cBpZi2P158rTG9M=
golang.org/x/exp v0.0.0-20260611194520-c48552f49976/go.mod h1:vnf4pv9iKZXY58sQE1L86zmNWJ4159e1RkcWiLCkeEY=
golang.org/x/mod v0.2.0/go.mod h1:s0Qsj1ACt9ePp/hMypM3fl4fZqREWJwdYDEqhRiZZUA=
golang.org/x/mod v0.3.0/go.mod h1:s0Qsj1ACt9ePp/hMypM3fl4fZqREWJwdYDEqhRiZZUA=
golang.org/x/mod v0.37.0 h1:vF1DjpVEshcIqoEaauuHebaLk1O1forxjxBaVn884JQ=
golang.org/x/mod v0.37.0/go.mod h1:m8S8VeM9r4dzDwjrKO0a1sZP3YjeMamRRlD+fmR2Q/0=
golang.org/x/net v0.0.0-20190404232315-eb5bcb51f2a3/go.mod h1:t9HGtf8HONx5eT2rtn7q6eTqICYqUVnKs3thJo3Qplg=
golang.org/x/net v0.0.0-20190620200207-3b0461eec859/go.mod h1:z5CRVTTTmAJ677TzLLGU+0bjPO0LkuOLi4/5GtJWs/s=
golang.org/x/net v0.0.0-20200226121028-0de0cce0169b/go.mod h1:z5CRVTTTmAJ677TzLLGU+0bjPO0LkuOLi4/5GtJWs/s=
golang.org/x/net v0.0.0-20201021035429-f5854403a974/go.mod h1:sp8m0HH+o8qH0wwXwYZr8TS3Oi6o0r6Gce1SSxlDquU=
golang.org/x/net v0.56.0 h1:Rw8j/hFzGvJUZwNBXnAtf5sVDVt+65SK2C7IxCxZt5o=
golang.org/x/net v0.56.0/go.mod h1:D3Ku6r+V6JROoZK144D2XfMHFcMq/0zSfLelVTCFKec=
golang.org/x/oauth2 v0.36.0 h1:peZ/1z27fi9hUOFCAZaHyrpWG5lwe0RJEEEeH0ThlIs=
golang.org/x/oauth2 v0.36.0/go.mod h1:YDBUJMTkDnJS+A4BP4eZBjCqtokkg1hODuPjwiGPO7Q=
golang.org/x/sync v0.0.0-20190423024810-112230192c58/go.mod h1:RxMgew5VJxzue5/jJTE5uejpjVlOe/izrB70Jof72aM=
golang.org/x/sync v0.0.0-20190911185100-cd5d95a43a6e/go.mod h1:RxMgew5VJxzue5/jJTE5uejpjVlOe/izrB70Jof72aM=
golang.org/x/sync v0.0.0-20201020160332-67f06af15bc9/go.mod h1:RxMgew5VJxzue5/jJTE5uejpjVlOe/izrB70Jof72aM=
golang.org/x/sync v0.21.0 h1:HLII4xRRTtCRkxYp4HNFF0Js/Og6q2i++KXbg0gHCwM=
golang.org/x/sync v0.21.0/go.mod h1:9xrNwdLfx4jkKbNva9FpL6vEN7evnE43NNNJQ2LF3+0=
golang.org/x/sys v0.0.0-20190215142949-d0b11bdaac8a/go.mod h1:STP8DvDyc/dI5b8T5hshtkjS+E42TnysNCUPdjciGhY=
golang.org/x/sys v0.0.0-20190412213103-97732733099d/go.mod h1:h1NjWce9XRLGQEsW7wpKNCjG9DtNlClVuFLEZdDNbEs=
golang.org/x/sys v0.0.0-20200930185726-fdedc70b468f/go.mod h1:h1NjWce9XRLGQEsW7wpKNCjG9DtNlClVuFLEZdDNbEs=
golang.org/x/sys v0.46.0 h1:noSf2Fq6F8DBgS+LysIkx7rIExoNHJsxOAtPp4rthXw=
golang.org/x/sys v0.46.0/go.mod h1:4GL1E5IUh+htKOUEOaiffhrAeqysfVGipDYzABqnCmw=
golang.org/x/term v0.44.0 h1:0rLvDRCtNj0gZkyIXhCyOb2OAzEhLVqc4B+hrsBhrmc=
golang.org/x/term v0.44.0/go.mod h1:7ze4MdzUzLXpSAoFP1H0bOI9aXDqveSvatT5vKcFh2Y=
golang.org/x/text v0.3.0/go.mod h1:NqM8EUOU14njkJ3fqMW+pc6Ldnwhi/IjpwHt7yyuwOQ=
golang.org/x/text v0.3.3/go.mod h1:5Zoc/QRtKVWzQhOtBMvqHzDpF6irO9z98xDceosuGiQ=
golang.org/x/text v0.38.0 h1:sXmwo9DwP3OK9EZ7PqAdaooSGozfl/3a6/xJcbzPRhE=
golang.org/x/text v0.38.0/go.mod h1:YXZt3QhHUKYT53r2lLKFIVi6Ao1jdzrTR/KQ09qyxF4=
golang.org/x/time v0.15.0 h1:bbrp8t3bGUeFOx08pvsMYRTCVSMk89u4tKbNOZbp88U=
golang.org/x/time v0.15.0/go.mod h1:Y4YMaQmXwGQZoFaVFk4YpCt4FLQMYKZe9oeV/f4MSno=
golang.org/x/tools v0.0.0-20180917221912-90fa682c2a6e/go.mod h1:n7NCudcB/nEzxVGmLbDWY5pfWTLqBcC2KZ6jyYvM4mQ=
golang.org/x/tools v0.0.0-20191119224855-298f0cb1881e/go.mod h1:b+2E5dAYhXwXZwtnZ6UAqBI28+e2cm9otk0dWdXHAEo=
golang.org/x/tools v0.0.0-20200619180055-7c47624df98f/go.mod h1:EkVYQZoAsY45+roYkvgYkIh4xh/qjgUK9TdY2XT94GE=
golang.org/x/tools v0.0.0-20210106214847-113979e3529a/go.mod h1:emZCQorbCU4vsT4fOWvOPXz4eW1wZW4PmDk9uLelYpA=
golang.org/x/tools v0.46.0 h1:7jTurBkPZu4moS/Uy4OQT1M+QBlsj3wejyZwsT8Z7rk=
golang.org/x/tools v0.46.0/go.mod h1:FrD85F8l+NWL+9XWBSyVSHO6Ne4jutsfIFba7AWQ5Ys=
golang.org/x/xerrors v0.0.0-20190717185122-a985d3407aa7/go.mod h1:I/5z698sn9Ka8TeJc9MKroUUfqBBauWjQqLJ2OPfmY0=
golang.org/x/xerrors v0.0.0-20191011141410-1b5146add898/go.mod h1:I/5z698sn9Ka8TeJc9MKroUUfqBBauWjQqLJ2OPfmY0=
golang.org/x/xerrors v0.0.0-20191204190536-9bdfabe68543/go.mod h1:I/5z698sn9Ka8TeJc9MKroUUfqBBauWjQqLJ2OPfmY0=
golang.org/x/xerrors v0.0.0-20200804184101-5ec99f83aff1/go.mod h1:I/5z698sn9Ka8TeJc9MKroUUfqBBauWjQqLJ2OPfmY0=
gonum.org/v1/gonum v0.17.0 h1:VbpOemQlsSMrYmn7T2OUvQ4dqxQXU+ouZFQsZOx50z4=
gonum.org/v1/gonum v0.17.0/go.mod h1:El3tOrEuMpv2UdMrbNlKEh9vd86bmQ6vqIcDwxEOc1E=
google.golang.org/api v0.286.0 h1:TdTXMvzYKnWV1/lPbCdbXRqBrkDqjPto22H2xeZZ8LI=
google.golang.org/api v0.286.0/go.mod h1:NlOlUIr8MPoIhT9Bb/oUnRuHbJOLwxb6JSYJM8Yz+jQ=
google.golang.org/genproto v0.0.0-20260622175928-b703f567277d h1:CP5omUq8AJTiWMrPKM1WRLJ7zZeXd9OPcQD3TbBNAyY=
google.golang.org/genproto v0.0.0-20260622175928-b703f567277d/go.mod h1:DrwuGJgFSEVNpv3S5Q5VxhRTvdnjauw9GtvwVOEARfA=
google.golang.org/genproto/googleapis/api v0.0.0-20260622175928-b703f567277d h1:xr2lwHI91bn3UiXcnyzRMQjp2LRiM8wEHzwUaE0YhTs=
google.golang.org/genproto/googleapis/api v0.0.0-20260622175928-b703f567277d/go.mod h1:O0ZOWSrfWfJ+Z5HbwZ+wNtHsg/vk1k2C/w67eww8PfQ=
google.golang.org/genproto/googleapis/rpc v0.0.0-20260622175928-b703f567277d h1:mpAgMyM9vQHxycBlDq50y1VHpfSfVwzXvrQKtYbXuUY=
google.golang.org/genproto/googleapis/rpc v0.0.0-20260622175928-b703f567277d/go.mod h1:4Hqkh8ycfw05ld/3BWL7rJOSfebL2Q+DVDeRgYgxUU8=
google.golang.org/grpc v1.81.1 h1:VnnIIZ88UzOOKLukQi+ImGz8O1Wdp8nAGGnvOfEIWQQ=
google.golang.org/grpc v1.81.1/go.mod h1:xGH9GfzOyMTGIOXBJmXt+BX/V0kcdQbdcuwQ/zNw42I=
google.golang.org/protobuf v1.36.12-0.20260120151049-f2248ac996af h1:+5/Sw3GsDNlEmu7TfklWKPdQ0Ykja5VEmq2i817+jbI=
google.golang.org/protobuf v1.36.12-0.20260120151049-f2248ac996af/go.mod h1:HTf+CrKn2C3g5S8VImy6tdcUvCska2kB7j23XfzDpco=
gopkg.in/check.v1 v0.0.0-20161208181325-20d25e280405/go.mod h1:Co6ibVJAznAaIkqp8huTwlJQCZ016jof/cbN4VW5Yz0=
gopkg.in/check.v1 v1.0.0-20201130134442-10cb98267c6c h1:Hei/4ADfdWqJk1ZMxUNpqntNwaWcugrBjAiHlqqRiVk=
gopkg.in/check.v1 v1.0.0-20201130134442-10cb98267c6c/go.mod h1:JHkPIbrfpd72SG/EVd6muEfDQjcINNoR0C8j2r3qZ4Q=
gopkg.in/evanphx/json-patch.v4 v4.13.0 h1:czT3CmqEaQ1aanPc5SdlgQrrEIb8w/wwCvWWnfEbYzo=
gopkg.in/evanphx/json-patch.v4 v4.13.0/go.mod h1:p8EYWUEYMpynmqDbY58zCKCFZw8pRWMG4EsWvDvM72M=
gopkg.in/inf.v0 v0.9.1 h1:73M5CoZyi3ZLMOyDlQh031Cx6N9NDJ2Vvfl76EDAgDc=
gopkg.in/inf.v0 v0.9.1/go.mod h1:cWUDdTG/fYaXco+Dcufb5Vnc6Gp2YChqWtbxRZE0mXw=
gopkg.in/yaml.v2 v2.2.8 h1:obN1ZagJSUGI0Ek/LBmuj4SNLPfIny3KsKFopxRdj10=
gopkg.in/yaml.v2 v2.2.8/go.mod h1:hI93XBmqTisBFMUTm0b8Fm+jr3Dg1NNxqwp+5A1VGuI=
gopkg.in/yaml.v3 v3.0.1 h1:fxVm/GzAzEWqLHuvctI91KS9hhNmmWOoWu0XTYJS7CA=
gopkg.in/yaml.v3 v3.0.1/go.mod h1:K4uyk7z7BCEPqu6E+C64Yfv1cQ7kz7rIZviUmN+EgEM=
k8s.io/api v0.34.2 h1:fsSUNZhV+bnL6Aqrp6O7lMTy6o5x2C4XLjnh//8SLYY=
k8s.io/api v0.34.2/go.mod h1:MMBPaWlED2a8w4RSeanD76f7opUoypY8TFYkSM+3XHw=
k8s.io/apimachinery v0.34.2 h1:zQ12Uk3eMHPxrsbUJgNF8bTauTVR2WgqJsTmwTE/NW4=
k8s.io/apimachinery v0.34.2/go.mod h1:/GwIlEcWuTX9zKIg2mbw0LRFIsXwrfoVxn+ef0X13lw=
k8s.io/client-go v0.34.2 h1:Co6XiknN+uUZqiddlfAjT68184/37PS4QAzYvQvDR8M=
k8s.io/client-go v0.34.2/go.mod h1:2VYDl1XXJsdcAxw7BenFslRQX28Dxz91U9MWKjX97fE=
k8s.io/klog/v2 v2.130.1 h1:n9Xl7H1Xvksem4KFG4PYbdQCQxqc/tTUyrgXaOhHSzk=
k8s.io/klog/v2 v2.130.1/go.mod h1:3Jpz1GvMt720eyJH1ckRHK1EDfpxISzJ7I9OYgaDtPE=
k8s.io/kube-openapi v0.0.0-20251125145642-4e65d59e963e h1:iW9ChlU0cU16w8MpVYjXk12dqQ4BPFBEgif+ap7/hqQ=
k8s.io/kube-openapi v0.0.0-20251125145642-4e65d59e963e/go.mod h1:kdmbQkyfwUagLfXIad1y2TdrjPFWp2Q89B3qkRwf/pQ=
k8s.io/metrics v0.34.2 h1:zao91FNDVPRGIiHLO2vqqe21zZVPien1goyzn0hsz90=
k8s.io/metrics v0.34.2/go.mod h1:Ydulln+8uZZctUM8yrUQX4rfq/Ay6UzsuXf24QJ37Vc=
k8s.io/utils v0.0.0-20260108192941-914a6e750570 h1:JT4W8lsdrGENg9W+YwwdLJxklIuKWdRm+BC+xt33FOY=
k8s.io/utils v0.0.0-20260108192941-914a6e750570/go.mod h1:xDxuJ0whA3d0I4mf/C4ppKHxXynQ+fxnkmQH0vTHnuk=
sigs.k8s.io/json v0.0.0-20250730193827-2d320260d730 h1:IpInykpT6ceI+QxKBbEflcR5EXP7sU1kvOlxwZh5txg=
sigs.k8s.io/json v0.0.0-20250730193827-2d320260d730/go.mod h1:mdzfpAEoE6DHQEN0uh9ZbOCuHbLK5wOm7dK4ctXE9Tg=
sigs.k8s.io/randfill v1.0.0 h1:JfjMILfT8A6RbawdsK2JXGBR5AQVfd+9TbzrlneTyrU=
sigs.k8s.io/randfill v1.0.0/go.mod h1:XeLlZ/jmk4i1HRopwe7/aU3H5n1zNUcX6TM94b3QxOY=
sigs.k8s.io/structured-merge-diff/v6 v6.4.0 h1:qmp2e3ZfFi1/jJbDGpD4mt3wyp6PE1NfKHCYLqgNQJo=
sigs.k8s.io/structured-merge-diff/v6 v6.4.0/go.mod h1:M3W8sfWvn2HhQDIbGWj3S099YozAsymCo/wrT5ohRUE=
sigs.k8s.io/yaml v1.6.0 h1:G8fkbMSAFqgEFgh4b1wmtzDnioxFCUgTZhlbj5P9QYs=
sigs.k8s.io/yaml v1.6.0/go.mod h1:796bPqUfzR/0jLAl6XjHl3Ck7MiyVv8dbTdyT3/pMf4=
